
Microsoft Visual Studio Solution File, Format Version 12.00
# Visual Studio Version 17
VisualStudioVersion = 17.0.31903.59
Project("{FAE04EC0-301F-11D3-BF4B-00C04F79EFBC}") = "SelfOrbit.BuildingBlocks.Domain", "building-blocks\domain\SelfOrbit.BuildingBlocks.Domain.csproj", "{A1B2C3D4-0001-0001-0001-000000000001}"
EndProject
Project("{FAE04EC0-301F-11D3-BF4B-00C04F79EFBC}") = "SelfOrbit.BuildingBlocks.Application", "building-blocks\application\SelfOrbit.BuildingBlocks.Application.csproj", "{A1B2C3D4-0001-0001-0001-000000000002}"
EndProject
Project("{FAE04EC0-301F-11D3-BF4B-00C04F79EFBC}") = "SelfOrbit.BuildingBlocks.Infrastructure", "building-blocks\infrastructure\SelfOrbit.BuildingBlocks.Infrastructure.csproj", "{A1B2C3D4-0001-0001-0001-000000000003}"
EndProject
Project("{FAE04EC0-301F-11D3-BF4B-00C04F79EFBC}") = "SelfOrbit.BuildingBlocks.Contracts", "building-blocks\contracts\SelfOrbit.BuildingBlocks.Contracts.csproj", "{A1B2C3D4-0001-0001-0001-000000000004}"
EndProject
Project("{FAE04EC0-301F-11D3-BF4B-00C04F79EFBC}") = "SelfOrbit.ExpenseService.Domain", "services\expense-service\src\Domain\SelfOrbit.ExpenseService.Domain.csproj", "{B2C3D4E5-0002-0002-0002-000000000001}"
EndProject
Project("{FAE04EC0-301F-11D3-BF4B-00C04F79EFBC}") = "SelfOrbit.ExpenseService.Application", "services\expense-service\src\Application\SelfOrbit.ExpenseService.Application.csproj", "{B2C3D4E5-0002-0002-0002-000000000002}"
EndProject
Project("{FAE04EC0-301F-11D3-BF4B-00C04F79EFBC}") = "SelfOrbit.ExpenseService.Infrastructure", "services\expense-service\src\Infrastructure\SelfOrbit.ExpenseService.Infrastructure.csproj", "{B2C3D4E5-0002-0002-0002-000000000003}"
EndProject
Project("{FAE04EC0-301F-11D3-BF4B-00C04F79EFBC}") = "SelfOrbit.ExpenseService.Api", "services\expense-service\src\Api\SelfOrbit.ExpenseService.Api.csproj", "{B2C3D4E5-0002-0002-0002-000000000004}"
EndProject
Project("{FAE04EC0-301F-11D3-BF4B-00C04F79EFBC}") = "SelfOrbit.ProductivityService.Domain", "services\productivity-service\src\Domain\SelfOrbit.ProductivityService.Domain.csproj", "{C3D4E5F6-0003-0003-0003-000000000001}"
EndProject
Project("{FAE04EC0-301F-11D3-BF4B-00C04F79EFBC}") = "SelfOrbit.ProductivityService.Api", "services\productivity-service\src\Api\SelfOrbit.ProductivityService.Api.csproj", "{C3D4E5F6-0003-0003-0003-000000000002}"
EndProject
Project("{FAE04EC0-301F-11D3-BF4B-00C04F79EFBC}") = "SelfOrbit.Gateway", "gateway\src\SelfOrbit.Gateway\SelfOrbit.Gateway.csproj", "{D4E5F6A7-0004-0004-0004-000000000001}"
EndProject
Project("{FAE04EC0-301F-11D3-BF4B-00C04F79EFBC}") = "SelfOrbit.ExpenseService.UnitTests", "tests\SelfOrbit.ExpenseService.UnitTests\SelfOrbit.ExpenseService.UnitTests.csproj", "{E5F6A7B8-0005-0005-0005-000000000001}"
EndProject
Project("{FAE04EC0-301F-11D3-BF4B-00C04F79EFBC}") = "SelfOrbit.ProductivityService.UnitTests", "tests\SelfOrbit.ProductivityService.UnitTests\SelfOrbit.ProductivityService.UnitTests.csproj", "{E5F6A7B8-0005-0005-0005-000000000002}"
EndProject
Project("{2150E333-8FDC-42A3-9474-1A3956D46DE8}") = "building-blocks", "building-blocks", "{31CBEB51-93DC-9CA1-DA8D-67643319BEE1}"
EndProject
Project("{2150E333-8FDC-42A3-9474-1A3956D46DE8}") = "domain", "domain", "{CBB11B70-7E7E-7A80-D85E-016A144448FA}"
EndProject
Project("{2150E333-8FDC-42A3-9474-1A3956D46DE8}") = "application", "application", "{D6214477-F5BD-C8E5-94EE-1CE4E99B855C}"
EndProject
Project("{2150E333-8FDC-42A3-9474-1A3956D46DE8}") = "infrastructure", "infrastructure", "{352215D2-30A7-6638-75E8-452ACBC5BADB}"
EndProject
Project("{2150E333-8FDC-42A3-9474-1A3956D46DE8}") = "contracts", "contracts", "{F1D36C55-650B-7C5B-D7BF-C2C03C80872A}"
EndProject
Project("{2150E333-8FDC-42A3-9474-1A3956D46DE8}") = "services", "services", "{5854FF58-B8C5-05C6-5BF2-ACE42193F22B}"
EndProject
Project("{2150E333-8FDC-42A3-9474-1A3956D46DE8}") = "expense-service", "expense-service", "{7F3D23B3-73B8-2837-02B4-24BADB326D31}"
EndProject
Project("{2150E333-8FDC-42A3-9474-1A3956D46DE8}") = "src", "src", "{88BDB965-C537-F773-27FC-83C33F962645}"
EndProject
Project("{2150E333-8FDC-42A3-9474-1A3956D46DE8}") = "Domain", "Domain", "{A3C39A1B-15DF-53D6-7DB2-76656D8BC736}"
EndProject
Project("{2150E333-8FDC-42A3-9474-1A3956D46DE8}") = "Application", "Application", "{23714FF8-6141-6CFC-EB3F-3B343CCC0979}"
EndProject
Project("{2150E333-8FDC-42A3-9474-1A3956D46DE8}") = "Infrastructure", "Infrastructure", "{02738CF0-B326-281B-2672-D061CE266536}"
EndProject
Project("{2150E333-8FDC-42A3-9474-1A3956D46DE8}") = "Api", "Api", "{6F7C7FC3-1AFD-981F-0081-6520BF7E96E3}"
EndProject
Project("{2150E333-8FDC-42A3-9474-1A3956D46DE8}") = "productivity-service", "productivity-service", "{7A3C23AD-2FA2-AB96-75D4-C8DEE4173AFC}"
EndProject
Project("{2150E333-8FDC-42A3-9474-1A3956D46DE8}") = "src", "src", "{7308A08D-BACB-2B45-9D34-F4587D9C3A2D}"
EndProject
Project("{2150E333-8FDC-42A3-9474-1A3956D46DE8}") = "Domain", "Domain", "{6453B237-A039-F7A9-E68B-B3B114C65D9D}"
EndProject
Project("{2150E333-8FDC-42A3-9474-1A3956D46DE8}") = "Api", "Api", "{B0885739-3153-565F-18B4-070902D55296}"
EndProject
Project("{2150E333-8FDC-42A3-9474-1A3956D46DE8}") = "gateway", "gateway", "{E7BDDBC6-9FD1-D1D7-ACD8-2C4F8E3D2461}"
EndProject
Project("{2150E333-8FDC-42A3-9474-1A3956D46DE8}") = "src", "src", "{F8691A4F-CEDB-1E15-E612-3146EE04F3E3}"
EndProject
Project("{2150E333-8FDC-42A3-9474-1A3956D46DE8}") = "tests", "tests", "{0AB3BF05-4346-4AA6-1389-037BE0695223}"
EndProject
Global
	GlobalSection(SolutionConfigurationPlatforms) = preSolution
		Debug|Any CPU = Debug|Any CPU
		Debug|x64 = Debug|x64
		Debug|x86 = Debug|x86
		Release|Any CPU = Release|Any CPU
		Release|x64 = Release|x64
		Release|x86 = Release|x86
	EndGlobalSection
	GlobalSection(ProjectConfigurationPlatforms) = postSolution
		{A1B2C3D4-0001-0001-0001-000000000001}.Debug|Any CPU.ActiveCfg = Debug|Any CPU
		{A1B2C3D4-0001-0001-0001-000000000001}.Debug|Any CPU.Build.0 = Debug|Any CPU
		{A1B2C3D4-0001-0001-0001-000000000001}.Debug|x64.ActiveCfg = Debug|Any CPU
		{A1B2C3D4-0001-0001-0001-000000000001}.Debug|x64.Build.0 = Debug|Any CPU
		{A1B2C3D4-0001-0001-0001-000000000001}.Debug|x86.ActiveCfg = Debug|Any CPU
		{A1B2C3D4-0001-0001-0001-000000000001}.Debug|x86.Build.0 = Debug|Any CPU
		{A1B2C3D4-0001-0001-0001-000000000001}.Release|Any CPU.ActiveCfg = Release|Any CPU
		{A1B2C3D4-0001-0001-0001-000000000001}.Release|Any CPU.Build.0 = Release|Any CPU
		{A1B2C3D4-0001-0001-0001-000000000001}.Release|x64.ActiveCfg = Release|Any CPU
		{A1B2C3D4-0001-0001-0001-000000000001}.Release|x64.Build.0 = Release|Any CPU
		{A1B2C3D4-0001-0001-0001-000000000001}.Release|x86.ActiveCfg = Release|Any CPU
		{A1B2C3D4-0001-0001-0001-000000000001}.Release|x86.Build.0 = Release|Any CPU
		{A1B2C3D4-0001-0001-0001-000000000002}.Debug|Any CPU.ActiveCfg = Debug|Any CPU
		{A1B2C3D4-0001-0001-0001-000000000002}.Debug|Any CPU.Build.0 = Debug|Any CPU
		{A1B2C3D4-0001-0001-0001-000000000002}.Debug|x64.ActiveCfg = Debug|Any CPU
		{A1B2C3D4-0001-0001-0001-000000000002}.Debug|x64.Build.0 = Debug|Any CPU
		{A1B2C3D4-0001-0001-0001-000000000002}.Debug|x86.ActiveCfg = Debug|Any CPU
		{A1B2C3D4-0001-0001-0001-000000000002}.Debug|x86.Build.0 = Debug|Any CPU
		{A1B2C3D4-0001-0001-0001-000000000002}.Release|Any CPU.ActiveCfg = Release|Any CPU
		{A1B2C3D4-0001-0001-0001-000000000002}.Release|Any CPU.Build.0 = Release|Any CPU
		{A1B2C3D4-0001-0001-0001-000000000002}.Release|x64.ActiveCfg = Release|Any CPU
		{A1B2C3D4-0001-0001-0001-000000000002}.Release|x64.Build.0 = Release|Any CPU
		{A1B2C3D4-0001-0001-0001-000000000002}.Release|x86.ActiveCfg = Release|Any CPU
		{A1B2C3D4-0001-0001-0001-000000000002}.Release|x86.Build.0 = Release|Any CPU
		{A1B2C3D4-0001-0001-0001-000000000003}.Debug|Any CPU.ActiveCfg = Debug|Any CPU
		{A1B2C3D4-0001-0001-0001-000000000003}.Debug|Any CPU.Build.0 = Debug|Any CPU
		{A1B2C3D4-0001-0001-0001-000000000003}.Debug|x64.ActiveCfg = Debug|Any CPU
		{A1B2C3D4-0001-0001-0001-000000000003}.Debug|x64.Build.0 = Debug|Any CPU
		{A1B2C3D4-0001-0001-0001-000000000003}.Debug|x86.ActiveCfg = Debug|Any CPU
		{A1B2C3D4-0001-0001-0001-000000000003}.Debug|x86.Build.0 = Debug|Any CPU
		{A1B2C3D4-0001-0001-0001-000000000003}.Release|Any CPU.ActiveCfg = Release|Any CPU
		{A1B2C3D4-0001-0001-0001-000000000003}.Release|Any CPU.Build.0 = Release|Any CPU
		{A1B2C3D4-0001-0001-0001-000000000003}.Release|x64.ActiveCfg = Release|Any CPU
		{A1B2C3D4-0001-0001-0001-000000000003}.Release|x64.Build.0 = Release|Any CPU
		{A1B2C3D4-0001-0001-0001-000000000003}.Release|x86.ActiveCfg = Release|Any CPU
		{A1B2C3D4-0001-0001-0001-000000000003}.Release|x86.Build.0 = Release|Any CPU
		{A1B2C3D4-0001-0001-0001-000000000004}.Debug|Any CPU.ActiveCfg = Debug|Any CPU
		{A1B2C3D4-0001-0001-0001-000000000004}.Debug|Any CPU.Build.0 = Debug|Any CPU
		{A1B2C3D4-0001-0001-0001-000000000004}.Debug|x64.ActiveCfg = Debug|Any CPU
		{A1B2C3D4-0001-0001-0001-000000000004}.Debug|x64.Build.0 = Debug|Any CPU
		{A1B2C3D4-0001-0001-0001-000000000004}.Debug|x86.ActiveCfg = Debug|Any CPU
		{A1B2C3D4-0001-0001-0001-000000000004}.Debug|x86.Build.0 = Debug|Any CPU
		{A1B2C3D4-0001-0001-0001-000000000004}.Release|Any CPU.ActiveCfg = Release|Any CPU
		{A1B2C3D4-0001-0001-0001-000000000004}.Release|Any CPU.Build.0 = Release|Any CPU
		{A1B2C3D4-0001-0001-0001-000000000004}.Release|x64.ActiveCfg = Release|Any CPU
		{A1B2C3D4-0001-0001-0001-000000000004}.Release|x64.Build.0 = Release|Any CPU
		{A1B2C3D4-0001-0001-0001-000000000004}.Release|x86.ActiveCfg = Release|Any CPU
		{A1B2C3D4-0001-0001-0001-000000000004}.Release|x86.Build.0 = Release|Any CPU
		{B2C3D4E5-0002-0002-0002-000000000001}.Debug|Any CPU.ActiveCfg = Debug|Any CPU
		{B2C3D4E5-0002-0002-0002-000000000001}.Debug|Any CPU.Build.0 = Debug|Any CPU
		{B2C3D4E5-0002-0002-0002-000000000001}.Debug|x64.ActiveCfg = Debug|Any CPU
		{B2C3D4E5-0002-0002-0002-000000000001}.Debug|x64.Build.0 = Debug|Any CPU
		{B2C3D4E5-0002-0002-0002-000000000001}.Debug|x86.ActiveCfg = Debug|Any CPU
		{B2C3D4E5-0002-0002-0002-000000000001}.Debug|x86.Build.0 = Debug|Any CPU
		{B2C3D4E5-0002-0002-0002-000000000001}.Release|Any CPU.ActiveCfg = Release|Any CPU
		{B2C3D4E5-0002-0002-0002-000000000001}.Release|Any CPU.Build.0 = Release|Any CPU
		{B2C3D4E5-0002-0002-0002-000000000001}.Release|x64.ActiveCfg = Release|Any CPU
		{B2C3D4E5-0002-0002-0002-000000000001}.Release|x64.Build.0 = Release|Any CPU
		{B2C3D4E5-0002-0002-0002-000000000001}.Release|x86.ActiveCfg = Release|Any CPU
		{B2C3D4E5-0002-0002-0002-000000000001}.Release|x86.Build.0 = Release|Any CPU
		{B2C3D4E5-0002-0002-0002-000000000002}.Debug|Any CPU.ActiveCfg = Debug|Any CPU
		{B2C3D4E5-0002-0002-0002-000000000002}.Debug|Any CPU.Build.0 = Debug|Any CPU
		{B2C3D4E5-0002-0002-0002-000000000002}.Debug|x64.ActiveCfg = Debug|Any CPU
		{B2C3D4E5-0002-0002-0002-000000000002}.Debug|x64.Build.0 = Debug|Any CPU
		{B2C3D4E5-0002-0002-0002-000000000002}.Debug|x86.ActiveCfg = Debug|Any CPU
		{B2C3D4E5-0002-0002-0002-000000000002}.Debug|x86.Build.0 = Debug|Any CPU
		{B2C3D4E5-0002-0002-0002-000000000002}.Release|Any CPU.ActiveCfg = Release|Any CPU
		{B2C3D4E5-0002-0002-0002-000000000002}.Release|Any CPU.Build.0 = Release|Any CPU
		{B2C3D4E5-0002-0002-0002-000000000002}.Release|x64.ActiveCfg = Release|Any CPU
		{B2C3D4E5-0002-0002-0002-000000000002}.Release|x64.Build.0 = Release|Any CPU
		{B2C3D4E5-0002-0002-0002-000000000002}.Release|x86.ActiveCfg = Release|Any CPU
		{B2C3D4E5-0002-0002-0002-000000000002}.Release|x86.Build.0 = Release|Any CPU
		{B2C3D4E5-0002-0002-0002-000000000003}.Debug|Any CPU.ActiveCfg = Debug|Any CPU
		{B2C3D4E5-0002-0002-0002-000000000003}.Debug|Any CPU.Build.0 = Debug|Any CPU
		{B2C3D4E5-0002-0002-0002-000000000003}.Debug|x64.ActiveCfg = Debug|Any CPU
		{B2C3D4E5-0002-0002-0002-000000000003}.Debug|x64.Build.0 = Debug|Any CPU
		{B2C3D4E5-0002-0002-0002-000000000003}.Debug|x86.ActiveCfg = Debug|Any CPU
		{B2C3D4E5-0002-0002-0002-000000000003}.Debug|x86.Build.0 = Debug|Any CPU
		{B2C3D4E5-0002-0002-0002-000000000003}.Release|Any CPU.ActiveCfg = Release|Any CPU
		{B2C3D4E5-0002-0002-0002-000000000003}.Release|Any CPU.Build.0 = Release|Any CPU
		{B2C3D4E5-0002-0002-0002-000000000003}.Release|x64.ActiveCfg = Release|Any CPU
		{B2C3D4E5-0002-0002-0002-000000000003}.Release|x64.Build.0 = Release|Any CPU
		{B2C3D4E5-0002-0002-0002-000000000003}.Release|x86.ActiveCfg = Release|Any CPU
		{B2C3D4E5-0002-0002-0002-000000000003}.Release|x86.Build.0 = Release|Any CPU
		{B2C3D4E5-0002-0002-0002-000000000004}.Debug|Any CPU.ActiveCfg = Debug|Any CPU
		{B2C3D4E5-0002-0002-0002-000000000004}.Debug|Any CPU.Build.0 = Debug|Any CPU
		{B2C3D4E5-0002-0002-0002-000000000004}.Debug|x64.ActiveCfg = Debug|Any CPU
		{B2C3D4E5-0002-0002-0002-000000000004}.Debug|x64.Build.0 = Debug|Any CPU
		{B2C3D4E5-0002-0002-0002-000000000004}.Debug|x86.ActiveCfg = Debug|Any CPU
		{B2C3D4E5-0002-0002-0002-000000000004}.Debug|x86.Build.0 = Debug|Any CPU
		{B2C3D4E5-0002-0002-0002-000000000004}.Release|Any CPU.ActiveCfg = Release|Any CPU
		{B2C3D4E5-0002-0002-0002-000000000004}.Release|Any CPU.Build.0 = Release|Any CPU
		{B2C3D4E5-0002-0002-0002-000000000004}.Release|x64.ActiveCfg = Release|Any CPU
		{B2C3D4E5-0002-0002-0002-000000000004}.Release|x64.Build.0 = Release|Any CPU
		{B2C3D4E5-0002-0002-0002-000000000004}.Release|x86.ActiveCfg = Release|Any CPU
		{B2C3D4E5-0002-0002-0002-000000000004}.Release|x86.Build.0 = Release|Any CPU
		{C3D4E5F6-0003-0003-0003-000000000001}.Debug|Any CPU.ActiveCfg = Debug|Any CPU
		{C3D4E5F6-0003-0003-0003-000000000001}.Debug|Any CPU.Build.0 = Debug|Any CPU
		{C3D4E5F6-0003-0003-0003-000000000001}.Debug|x64.ActiveCfg = Debug|Any CPU
		{C3D4E5F6-0003-0003-0003-000000000001}.Debug|x64.Build.0 = Debug|Any CPU
		{C3D4E5F6-0003-0003-0003-000000000001}.Debug|x86.ActiveCfg = Debug|Any CPU
		{C3D4E5F6-0003-0003-0003-000000000001}.Debug|x86.Build.0 = Debug|Any CPU
		{C3D4E5F6-0003-0003-0003-000000000001}.Release|Any CPU.ActiveCfg = Release|Any CPU
		{C3D4E5F6-0003-0003-0003-000000000001}.Release|Any CPU.Build.0 = Release|Any CPU
		{C3D4E5F6-0003-0003-0003-000000000001}.Release|x64.ActiveCfg = Release|Any CPU
		{C3D4E5F6-0003-0003-0003-000000000001}.Release|x64.Build.0 = Release|Any CPU
		{C3D4E5F6-0003-0003-0003-000000000001}.Release|x86.ActiveCfg = Release|Any CPU
		{C3D4E5F6-0003-0003-0003-000000000001}.Release|x86.Build.0 = Release|Any CPU
		{C3D4E5F6-0003-0003-0003-000000000002}.Debug|Any CPU.ActiveCfg = Debug|Any CPU
		{C3D4E5F6-0003-0003-0003-000000000002}.Debug|Any CPU.Build.0 = Debug|Any CPU
		{C3D4E5F6-0003-0003-0003-000000000002}.Debug|x64.ActiveCfg = Debug|Any CPU
		{C3D4E5F6-0003-0003-0003-000000000002}.Debug|x64.Build.0 = Debug|Any CPU
		{C3D4E5F6-0003-0003-0003-000000000002}.Debug|x86.ActiveCfg = Debug|Any CPU
		{C3D4E5F6-0003-0003-0003-000000000002}.Debug|x86.Build.0 = Debug|Any CPU
		{C3D4E5F6-0003-0003-0003-000000000002}.Release|Any CPU.ActiveCfg = Release|Any CPU
		{C3D4E5F6-0003-0003-0003-000000000002}.Release|Any CPU.Build.0 = Release|Any CPU
		{C3D4E5F6-0003-0003-0003-000000000002}.Release|x64.ActiveCfg = Release|Any CPU
		{C3D4E5F6-0003-0003-0003-000000000002}.Release|x64.Build.0 = Release|Any CPU
		{C3D4E5F6-0003-0003-0003-000000000002}.Release|x86.ActiveCfg = Release|Any CPU
		{C3D4E5F6-0003-0003-0003-000000000002}.Release|x86.Build.0 = Release|Any CPU
		{D4E5F6A7-0004-0004-0004-000000000001}.Debug|Any CPU.ActiveCfg = Debug|Any CPU
		{D4E5F6A7-0004-0004-0004-000000000001}.Debug|Any CPU.Build.0 = Debug|Any CPU
		{D4E5F6A7-0004-0004-0004-000000000001}.Debug|x64.ActiveCfg = Debug|Any CPU
		{D4E5F6A7-0004-0004-0004-000000000001}.Debug|x64.Build.0 = Debug|Any CPU
		{D4E5F6A7-0004-0004-0004-000000000001}.Debug|x86.ActiveCfg = Debug|Any CPU
		{D4E5F6A7-0004-0004-0004-000000000001}.Debug|x86.Build.0 = Debug|Any CPU
		{D4E5F6A7-0004-0004-0004-000000000001}.Release|Any CPU.ActiveCfg = Release|Any CPU
		{D4E5F6A7-0004-0004-0004-000000000001}.Release|Any CPU.Build.0 = Release|Any CPU
		{D4E5F6A7-0004-0004-0004-000000000001}.Release|x64.ActiveCfg = Release|Any CPU
		{D4E5F6A7-0004-0004-0004-000000000001}.Release|x64.Build.0 = Release|Any CPU
		{D4E5F6A7-0004-0004-0004-000000000001}.Release|x86.ActiveCfg = Release|Any CPU
		{D4E5F6A7-0004-0004-0004-000000000001}.Release|x86.Build.0 = Release|Any CPU
		{E5F6A7B8-0005-0005-0005-000000000001}.Debug|Any CPU.ActiveCfg = Debug|Any CPU
		{E5F6A7B8-0005-0005-0005-000000000001}.Debug|Any CPU.Build.0 = Debug|Any CPU
		{E5F6A7B8-0005-0005-0005-000000000001}.Debug|x64.ActiveCfg = Debug|Any CPU
		{E5F6A7B8-0005-0005-0005-000000000001}.Debug|x64.Build.0 = Debug|Any CPU
		{E5F6A7B8-0005-0005-0005-000000000001}.Debug|x86.ActiveCfg = Debug|Any CPU
		{E5F6A7B8-0005-0005-0005-000000000001}.Debug|x86.Build.0 = Debug|Any CPU
		{E5F6A7B8-0005-0005-0005-000000000001}.Release|Any CPU.ActiveCfg = Release|Any CPU
		{E5F6A7B8-0005-0005-0005-000000000001}.Release|Any CPU.Build.0 = Release|Any CPU
		{E5F6A7B8-0005-0005-0005-000000000001}.Release|x64.ActiveCfg = Release|Any CPU
		{E5F6A7B8-0005-0005-0005-000000000001}.Release|x64.Build.0 = Release|Any CPU
		{E5F6A7B8-0005-0005-0005-000000000001}.Release|x86.ActiveCfg = Release|Any CPU
		{E5F6A7B8-0005-0005-0005-000000000001}.Release|x86.Build.0 = Release|Any CPU
		{E5F6A7B8-0005-0005-0005-000000000002}.Debug|Any CPU.ActiveCfg = Debug|Any CPU
		{E5F6A7B8-0005-0005-0005-000000000002}.Debug|Any CPU.Build.0 = Debug|Any CPU
		{E5F6A7B8-0005-0005-0005-000000000002}.Debug|x64.ActiveCfg = Debug|Any CPU
		{E5F6A7B8-0005-0005-0005-000000000002}.Debug|x64.Build.0 = Debug|Any CPU
		{E5F6A7B8-0005-0005-0005-000000000002}.Debug|x86.ActiveCfg = Debug|Any CPU
		{E5F6A7B8-0005-0005-0005-000000000002}.Debug|x86.Build.0 = Debug|Any CPU
		{E5F6A7B8-0005-0005-0005-000000000002}.Release|Any CPU.ActiveCfg = Release|Any CPU
		{E5F6A7B8-0005-0005-0005-000000000002}.Release|Any CPU.Build.0 = Release|Any CPU
		{E5F6A7B8-0005-0005-0005-000000000002}.Release|x64.ActiveCfg = Release|Any CPU
		{E5F6A7B8-0005-0005-0005-000000000002}.Release|x64.Build.0 = Release|Any CPU
		{E5F6A7B8-0005-0005-0005-000000000002}.Release|x86.ActiveCfg = Release|Any CPU
		{E5F6A7B8-0005-0005-0005-000000000002}.Release|x86.Build.0 = Release|Any CPU
	EndGlobalSection
	GlobalSection(SolutionProperties) = preSolution
		HideSolutionNode = FALSE
	EndGlobalSection
	GlobalSection(NestedProjects) = preSolution
		{CBB11B70-7E7E-7A80-D85E-016A144448FA} = {31CBEB51-93DC-9CA1-DA8D-67643319BEE1}
		{D6214477-F5BD-C8E5-94EE-1CE4E99B855C} = {31CBEB51-93DC-9CA1-DA8D-67643319BEE1}
		{352215D2-30A7-6638-75E8-452ACBC5BADB} = {31CBEB51-93DC-9CA1-DA8D-67643319BEE1}
		{F1D36C55-650B-7C5B-D7BF-C2C03C80872A} = {31CBEB51-93DC-9CA1-DA8D-67643319BEE1}
		{7F3D23B3-73B8-2837-02B4-24BADB326D31} = {5854FF58-B8C5-05C6-5BF2-ACE42193F22B}
		{88BDB965-C537-F773-27FC-83C33F962645} = {7F3D23B3-73B8-2837-02B4-24BADB326D31}
		{A3C39A1B-15DF-53D6-7DB2-76656D8BC736} = {88BDB965-C537-F773-27FC-83C33F962645}
		{23714FF8-6141-6CFC-EB3F-3B343CCC0979} = {88BDB965-C537-F773-27FC-83C33F962645}
		{02738CF0-B326-281B-2672-D061CE266536} = {88BDB965-C537-F773-27FC-83C33F962645}
		{6F7C7FC3-1AFD-981F-0081-6520BF7E96E3} = {88BDB965-C537-F773-27FC-83C33F962645}
		{7A3C23AD-2FA2-AB96-75D4-C8DEE4173AFC} = {5854FF58-B8C5-05C6-5BF2-ACE42193F22B}
		{7308A08D-BACB-2B45-9D34-F4587D9C3A2D} = {7A3C23AD-2FA2-AB96-75D4-C8DEE4173AFC}
		{6453B237-A039-F7A9-E68B-B3B114C65D9D} = {7308A08D-BACB-2B45-9D34-F4587D9C3A2D}
		{B0885739-3153-565F-18B4-070902D55296} = {7308A08D-BACB-2B45-9D34-F4587D9C3A2D}
		{F8691A4F-CEDB-1E15-E612-3146EE04F3E3} = {E7BDDBC6-9FD1-D1D7-ACD8-2C4F8E3D2461}
	EndGlobalSection
EndGlobal
